
Microsoft Visual Studio Solution File, Format Version 12.00
# Visual Studio Version 17
VisualStudioVersion = 17.11.35312.102
MinimumVisualStudioVersion = 10.0.40219.1
Project("{9A19103F-16F7-4668-BE54-9A1E7A4F7556}") = "KTANE_Diffuser_Winforms", "KTANE_Diffuser_Winforms.csproj", "{4DDDB639-51B3-4627-A767-C61D6C4D37DE}"
EndProject
Global
	GlobalSection(SolutionConfigurationPlatforms) = preSolution
		Debug|Any CPU = Debug|Any CPU
		Release|Any CPU = Release|Any CPU
	EndGlobalSection
	GlobalSection(ProjectConfigurationPlatforms) = postSolution
		{4DDDB639-51B3-4627-A767-C61D6C4D37DE}.Debug|Any CPU.ActiveCfg = Debug|Any CPU
		{4DDDB639-51B3-4627-A767-C61D6C4D37DE}.Debug|Any CPU.Build.0 = Debug|Any CPU
		{4DDDB639-51B3-4627-A767-C61D6C4D37DE}.Release|Any CPU.ActiveCfg = Release|Any CPU
		{4DDDB639-51B3-4627-A767-C61D6C4D37DE}.Release|Any CPU.Build.0 = Release|Any CPU
	EndGlobalSection
	GlobalSection(SolutionProperties) = preSolution
		HideSolutionNode = FALSE
	EndGlobalSection
	GlobalSection(ExtensibilityGlobals) = postSolution
		SolutionGuid = {9A69F2A6-1FF0-4691-8F94-7906A76C779B}
	EndGlobalSection
EndGlobal
